
Microsoft Visual Studio Solution File, Format Version 12.00
# Visual Studio Version 17
VisualStudioVersion = 17.6.33712.159
MinimumVisualStudioVersion = 10.0.40219.1
Project("{FAE04EC0-301F-11D3-BF4B-00C04F79EFBC}") = "ToDoList.App", "ToDoList.App\ToDoList.App.csproj", "{2D5ED1E2-F2D0-43CA-B97F-81C9F2470D73}"
EndProject
Project("{FAE04EC0-301F-11D3-BF4B-00C04F79EFBC}") = "ToDoList.Test", "ToDoList.Test\ToDoList.Test.csproj", "{08182724-99C0-4083-A369-5963158A3945}"
EndProject
Global
	GlobalSection(SolutionConfigurationPlatforms) = preSolution
		Debug|Any CPU = Debug|Any CPU
		Release|Any CPU = Release|Any CPU
	EndGlobalSection
	GlobalSection(ProjectConfigurationPlatforms) = postSolution
		{2D5ED1E2-F2D0-43CA-B97F-81C9F2470D73}.Debug|Any CPU.ActiveCfg = Debug|Any CPU
		{2D5ED1E2-F2D0-43CA-B97F-81C9F2470D73}.Debug|Any CPU.Build.0 = Debug|Any CPU
		{2D5ED1E2-F2D0-43CA-B97F-81C9F2470D73}.Release|Any CPU.ActiveCfg = Release|Any CPU
		{2D5ED1E2-F2D0-43CA-B97F-81C9F2470D73}.Release|Any CPU.Build.0 = Release|Any CPU
		{08182724-99C0-4083-A369-5963158A3945}.Debug|Any CPU.ActiveCfg = Debug|Any CPU
		{08182724-99C0-4083-A369-5963158A3945}.Debug|Any CPU.Build.0 = Debug|Any CPU
		{08182724-99C0-4083-A369-5963158A3945}.Release|Any CPU.ActiveCfg = Release|Any CPU
		{08182724-99C0-4083-A369-5963158A3945}.Release|Any CPU.Build.0 = Release|Any CPU
	EndGlobalSection
	GlobalSection(SolutionProperties) = preSolution
		HideSolutionNode = FALSE
	EndGlobalSection
	GlobalSection(ExtensibilityGlobals) = postSolution
		SolutionGuid = {8D3E6A3C-B808-4735-9823-2716ACB16AF6}
	EndGlobalSection
EndGlobal
